<?xml version="1.0" encoding="utf-8"?>
<Project ToolsVersion="4.0" xmlns="http://schemas.microsoft.com/developer/msbuild/2003">
  <ItemGroup>
    <Filter Include="Source Files">
      <UniqueIdentifier>{4FC737F1-C7A5-4376-A066-2A32D752A2FF}</UniqueIdentifier>
      <Extensions>cpp;c;cc;cxx;c++;cppm;ixx;def;odl;idl;hpj;bat;asm;asmx</Extensions>
    </Filter>
    <Filter Include="Header Files">
      <UniqueIdentifier>{93995380-89BD-4b04-88EB-625FBE52EBFB}</UniqueIdentifier>
      <Extensions>h;hh;hpp;hxx;h++;hm;inl;inc;ipp;xsd</Extensions>
    </Filter>
    <Filter Include="Resource Files">
      <UniqueIdentifier>{67DA6AB6-F800-4c08-8B7A-83BB121AAD01}</UniqueIdentifier>
      <Extensions>rc;ico;cur;bmp;dlg;rc2;rct;bin;rgs;gif;jpg;jpeg;jpe;resx;tiff;tif;png;wav;mfcribbon-ms</Extensions>
    </Filter>
    <Filter Include="Header Files\sp_levels">
      <UniqueIdentifier>{e00dc8e8-7ecf-420f-a8ee-ee72da6539e8}</UniqueIdentifier>
    </Filter>
    <Filter Include="Source Files\sp_levels">
      <UniqueIdentifier>{f81c923f-79c4-4dcb-838c-58cd9b98f68c}</UniqueIdentifier>
    </Filter>
    <Filter Include="Header Files\common">
      <UniqueIdentifier>{77947bb4-64ca-414e-bb07-f99848157fc7}</UniqueIdentifier>
    </Filter>
    <Filter Include="Header Files\common\klib">
      <UniqueIdentifier>{b17fa109-e25c-4de5-b65b-b097fe7c58ce}</UniqueIdentifier>
    </Filter>
    <Filter Include="Source Files\common">
      <UniqueIdentifier>{e03162a8-446d-48d0-a82c-2b82d60a242b}</UniqueIdentifier>
    </Filter>
    <Filter Include="Source Files\common\klib">
      <UniqueIdentifier>{6c865e12-e77b-4844-abc4-21f5a2271f92}</UniqueIdentifier>
    </Filter>
    <Filter Include="Header Files\sp_gfx">
      <UniqueIdentifier>{4c8dc39f-0485-42e4-9b52-9180b9812b3a}</UniqueIdentifier>
    </Filter>
    <Filter Include="Source Files\sp_gfx">
      <UniqueIdentifier>{c3454221-1bd8-4ba5-80e0-0f469377ca88}</UniqueIdentifier>
    </Filter>
    <Filter Include="Header Files\sp_wins">
      <UniqueIdentifier>{ba7ed782-3928-4d76-9d69-6e6b8ce9332f}</UniqueIdentifier>
    </Filter>
    <Filter Include="Source Files\sp_wins">
      <UniqueIdentifier>{f03c3f90-683d-40a2-88e8-8568ba1a8e56}</UniqueIdentifier>
    </Filter>
    <Filter Include="Header Files\common\imgui">
      <UniqueIdentifier>{31c2f7ca-d6e9-43ba-af1f-19dda2cadf16}</UniqueIdentifier>
    </Filter>
    <Filter Include="Source Files\common\imgui">
      <UniqueIdentifier>{6e216fb7-652d-479c-a3aa-7a191593ec37}</UniqueIdentifier>
    </Filter>
  </ItemGroup>
  <ItemGroup>
    <ClInclude Include="source\sp_levels\SP_Level.h">
      <Filter>Header Files\sp_levels</Filter>
    </ClInclude>
    <ClInclude Include="source\common\klib\klib_file.h">
      <Filter>Header Files\common\klib</Filter>
    </ClInclude>
    <ClInclude Include="source\sp_gfx\SP_Image.h">
      <Filter>Header Files\sp_gfx</Filter>
    </ClInclude>
    <ClInclude Include="source\sp_gfx\SP_Palette.h">
      <Filter>Header Files\sp_gfx</Filter>
    </ClInclude>
    <ClInclude Include="source\common\klib\klib_gfx.h">
      <Filter>Header Files\common\klib</Filter>
    </ClInclude>
    <ClInclude Include="source\sp_gfx\Project_gfx.h">
      <Filter>Header Files\sp_gfx</Filter>
    </ClInclude>
    <ClInclude Include="source\sp_wins\Main_window.h">
      <Filter>Header Files\sp_wins</Filter>
    </ClInclude>
    <ClInclude Include="source\common\klib\User_input.h">
      <Filter>Header Files\common\klib</Filter>
    </ClInclude>
    <ClInclude Include="source\common\imgui\imgui.h">
      <Filter>Header Files\common\imgui</Filter>
    </ClInclude>
    <ClInclude Include="source\common\imgui\imgui_impl_sdl.h">
      <Filter>Header Files\common\imgui</Filter>
    </ClInclude>
    <ClInclude Include="source\common\imgui\imgui_impl_sdlrenderer.h">
      <Filter>Header Files\common\imgui</Filter>
    </ClInclude>
    <ClInclude Include="source\common\imgui\imconfig.h">
      <Filter>Header Files\common\imgui</Filter>
    </ClInclude>
    <ClInclude Include="source\common\imgui\imgui_internal.h">
      <Filter>Header Files\common\imgui</Filter>
    </ClInclude>
    <ClInclude Include="source\common\imgui\imstb_rectpack.h">
      <Filter>Header Files\common\imgui</Filter>
    </ClInclude>
    <ClInclude Include="source\common\imgui\imstb_textedit.h">
      <Filter>Header Files\common\imgui</Filter>
    </ClInclude>
    <ClInclude Include="source\common\imgui\imstb_truetype.h">
      <Filter>Header Files\common\imgui</Filter>
    </ClInclude>
    <ClInclude Include="source\sp_wins\Level_window.h">
      <Filter>Header Files\sp_wins</Filter>
    </ClInclude>
  </ItemGroup>
  <ItemGroup>
    <ClCompile Include="source\main.cpp">
      <Filter>Source Files</Filter>
    </ClCompile>
    <ClCompile Include="source\sp_levels\SP_Level.cpp">
      <Filter>Source Files\sp_levels</Filter>
    </ClCompile>
    <ClCompile Include="source\common\klib\klib_file.cpp">
      <Filter>Source Files\common\klib</Filter>
    </ClCompile>
    <ClCompile Include="source\sp_gfx\SP_Image.cpp">
      <Filter>Source Files\sp_gfx</Filter>
    </ClCompile>
    <ClCompile Include="source\sp_gfx\SP_Palette.cpp">
      <Filter>Source Files\sp_gfx</Filter>
    </ClCompile>
    <ClCompile Include="source\common\klib\klib_gfx.cpp">
      <Filter>Source Files\common\klib</Filter>
    </ClCompile>
    <ClCompile Include="source\sp_gfx\Project_gfx.cpp">
      <Filter>Source Files\sp_gfx</Filter>
    </ClCompile>
    <ClCompile Include="source\sp_wins\Main_window.cpp">
      <Filter>Source Files\sp_wins</Filter>
    </ClCompile>
    <ClCompile Include="source\common\klib\User_input.cpp">
      <Filter>Source Files\common\klib</Filter>
    </ClCompile>
    <ClCompile Include="source\common\imgui\imgui.cpp">
      <Filter>Source Files\common\imgui</Filter>
    </ClCompile>
    <ClCompile Include="source\common\imgui\imgui_impl_sdl.cpp">
      <Filter>Source Files\common\imgui</Filter>
    </ClCompile>
    <ClCompile Include="source\common\imgui\imgui_impl_sdlrenderer.cpp">
      <Filter>Source Files\common\imgui</Filter>
    </ClCompile>
    <ClCompile Include="source\common\imgui\imgui_demo.cpp">
      <Filter>Source Files\common\imgui</Filter>
    </ClCompile>
    <ClCompile Include="source\common\imgui\imgui_draw.cpp">
      <Filter>Source Files\common\imgui</Filter>
    </ClCompile>
    <ClCompile Include="source\common\imgui\imgui_tables.cpp">
      <Filter>Source Files\common\imgui</Filter>
    </ClCompile>
    <ClCompile Include="source\common\imgui\imgui_widgets.cpp">
      <Filter>Source Files\common\imgui</Filter>
    </ClCompile>
    <ClCompile Include="source\sp_wins\Level_window.cpp">
      <Filter>Source Files\sp_wins</Filter>
    </ClCompile>
  </ItemGroup>
</Project>